{
  "requires": true,
  "lockfileVersion": 1,
  "dependencies": {
    "@noble/hashes": {
      "version": "1.0.0",
      "resolved": "https://registry.npmjs.org/@noble/hashes/-/hashes-1.0.0.tgz",
      "integrity": "sha512-DZVbtY62kc3kkBtMHqwCOfXrT/hnoORy5BJ4+HU1IR59X0KWAOqsfzQPcUl/lQLlG7qXbe/fZ3r/emxtAl+sqg=="
    },
    "@noble/secp256k1": {
      "version": "1.5.5",
      "resolved": "https://registry.npmjs.org/@noble/secp256k1/-/secp256k1-1.5.5.tgz",
      "integrity": "sha512-sZ1W6gQzYnu45wPrWx8D3kwI2/U29VYTx9OjbDAd7jwRItJ0cSTMPRL/C8AWZFn9kWFLQGqEXVEE86w4Z8LpIQ=="
    },
    "micro-stacks": {
      "version": "0.3.0",
      "resolved": "https://registry.npmjs.org/micro-stacks/-/micro-stacks-0.3.0.tgz",
      "integrity": "sha512-RHOMtMaptyAffSQvwR2mvLyN3y72PP0cq3qaTY74sFt/yPzQa4eihQHD2Fbw9eI8uean20mqZ4e+A+nLUmQeYQ==",
      "requires": {
        "@noble/hashes": "1.0.0",
        "@noble/secp256k1": "1.5.5"
      }
    }
  }
}
